github.com/BurntSushi/toml v0.2.1-0.20160717150709-99064174e013 h1:b3U6YBLKb/l6Z2g3UU9I9qb0E8ae2vqNcA3IZtotoYQ=
github.com/BurntSushi/toml v0.2.1-0.20160717150709-99064174e013/go.mod h1:xHWCNGjB5oqiDr8zfno3MHue2Ht5sIBksp03qcyfWMU=
github.com/codegangsta/inject v0.0.0-20150114235600-33e0aa1cb7c0 h1:sDMmm+q/3+BukdIpxwO365v/Rbspp2Nt5XntgQRXq8Q=
github.com/codegangsta/inject v0.0.0-20150114235600-33e0aa1cb7c0/go.mod h1:4Zcjuz89kmFXt9morQgcfYZAYZ5n8WHjt81YYWIwtTM=
github.com/coreos/etcd v3.0.17+incompatible h1:EgZl12jaaLp5U7afELe3+h2nVcbdQOjqxRDi3sKD0TI=
github.com/coreos/etcd v3.0.17+incompatible/go.mod h1:uF7uidLiAD3TWHmW31ZFd/JWoc32PjwdhPthX9715RE=
github.com/docopt/docopt-go v0.0.0-20160216232012-784ddc588536 h1:rHnpq7uNlix5l7tWZ55iJcHHrxCPnOVF4FGb7qOT2Jc=
github.com/docopt/docopt-go v0.0.0-20160216232012-784ddc588536/go.mod h1:WwZ+bS3ebgob9U8Nd0kOddGdZWjyMGR8Wziv+TBNwSE=
github.com/emirpasic/gods v1.9.0 h1:rUF4PuzEjMChMiNsVjdI+SyLu7rEqpQ5reNFnhC7oFo=
github.com/emirpasic/gods v1.9.0/go.mod h1:YfzfFFoVP/catgzJb4IKIqXjX78Ha8FMSDh3ymbK86o=
github.com/garyburd/redigo v1.0.1-0.20170208211623-48545177e92a h1:iKfFuP8kanXML1YrGqVS7nZJJ2ScdVNlm++ds20J/hY=
github.com/garyburd/redigo v1.0.1-0.20170208211623-48545177e92a/go.mod h1:NR3MbYisc3/PwhQ00EMzDiPmrwpPxAn5GI05/YaO1SY=
github.com/go-martini/martini v0.0.0-20160908070901-fe605b5cd210 h1:VeGrUA1DZJdK0kyAQOd/fYTv4zN7HCJR6sk+fqauCO0=
github.com/go-martini/martini v0.0.0-20160908070901-fe605b5cd210/go.mod h1:/P9AEU963A2AYjv4d1V5eVL1CQbEJq6aCNHDDjibzu8=
github.com/influxdata/influxdb v1.1.1-0.20170109231301-8c2cfd14af25 h1:qUhdHzkO39Zmri72dy5Jtpb993HpjBfa/K48XQE52Sc=
github.com/influxdata/influxdb v1.1.1-0.20170109231301-8c2cfd14af25/go.mod h1:qZna6X/4elxqT3yI9iZYdZrWWdeFOOprn86kgg4+IzY=
github.com/martini-contrib/binding v0.0.0-20160701174519-05d3e151b6cf h1:6YSkbjZVghliN7zwJC/U3QQG+OVXOrij3qQ8sxfPIMg=
github.com/martini-contrib/binding v0.0.0-20160701174519-05d3e151b6cf/go.mod h1:aCggxkm1kuifLw/LEQUbz91N1ZM6PhV7dz03xPQduZA=
github.com/martini-contrib/gzip v0.0.0-20151124214156-6c035326b43f h1:wVDxEVZP1eiPIlHVaafUAEUDtyl6ytjHv3egJVbyfOk=
github.com/martini-contrib/gzip v0.0.0-20151124214156-6c035326b43f/go.mod h1:jhUB0rZB2TPWqy0yGugKRRictO591eSO7If7O4MfCaA=
github.com/martini-contrib/render v0.0.0-20150707142108-ec18f8345a11 h1:YFh+sjyJTMQSYjKwM4dFKhJPJC/wfo98tPUc17HdoYw=
github.com/martini-contrib/render v0.0.0-20150707142108-ec18f8345a11/go.mod h1:Ah2dBMoxZEqk118as2T4u4fjfXarE0pPnMJaArZQZsI=
github.com/oxtoacart/bpool v0.0.0-20150712133111-4e1c5567d7c2 h1:CXwSGu/LYmbjEab5aMCs5usQRVBGThelUKBNnoSOuso=
github.com/oxtoacart/bpool v0.0.0-20150712133111-4e1c5567d7c2/go.mod h1:L3UMQOThbttwfYRNFOWLLVXMhk5Lkio4GGOtw5UrxS0=
github.com/samuel/go-zookeeper v0.0.0-20161028232340-1d7be4effb13 h1:4AQBn5RJY4WH8t8TLEMZUsWeXHAUcoao42TCAfpEJJE=
github.com/samuel/go-zookeeper v0.0.0-20161028232340-1d7be4effb13/go.mod h1:gi+0XIa01GRL2eRQVjQkKGqKF3SF9vZR/HnPullcV2E=
github.com/spinlock/jemalloc-go v0.0.0-20161230074307-26719b2ee618 h1:sq/E/5pchHgjVvFgmFaTa60xw3Fqd206zeuJTstDBRM=
github.com/spinlock/jemalloc-go v0.0.0-20161230074307-26719b2ee618/go.mod h1:A/ik9Cf2cSgEVcmTWlvTfCxyFgoL1UP/WbevsdDeguc=
github.com/ugorji/go v0.0.0-20170107133203-ded73eae5db7 h1:BPPUhSq7uU6E9lFzyb81vjwVOhiWwMXp0EpKL75NX+8=
github.com/ugorji/go v0.0.0-20170107133203-ded73eae5db7/go.mod h1:hnLbHMwcvSihnDhEfx2/BzKp2xb0Y+ErdfYcrs9tkJQ=
golang.org/x/net v0.0.0-20170118032911-242b6b35177e h1:1bnn/46R5Vr3pyRRvAYE7+KYm8MF2AtiGDo4w5vuzG8=
golang.org/x/net v0.0.0-20170118032911-242b6b35177e/go.mod h1:mL1N/T3taQHkDXs73rZJwtUhF3w3ftmwwsq0BUmARs4=
gopkg.in/alexcesaro/statsd.v2 v2.0.0 h1:FXkZSCZIH17vLCO5sO2UucTHsH9pc+17F6pl3JVCwMc=
gopkg.in/alexcesaro/statsd.v2 v2.0.0/go.mod h1:i0ubccKGzBVNBpdGV5MocxyA/XlLUJzA7SLonnE4drU=
